PODS:
  - CompoundFetchedResultsController (2.0.0)
  - MagicalRecord (2.3.2):
    - MagicalRecord/Core (= 2.3.2)
  - MagicalRecord/Core (2.3.2)

DEPENDENCIES:
  - CompoundFetchedResultsController (from `../`)
  - MagicalRecord

SPEC REPOS:
  https://github.com/cocoapods/specs.git:
    - MagicalRecord

EXTERNAL SOURCES:
  CompoundFetchedResultsController:
    :path: "../"

SPEC CHECKSUMS:
  CompoundFetchedResultsController: b8db0d2a96622bcfc84797b2dcc0127003b6a9af
  MagicalRecord: 53bed74b4323b930992a725be713e53b37d19755

PODFILE CHECKSUM: 5c1dbc7f42d6d8857dc3619523c609355e06f3bf

COCOAPODS: 1.6.0.beta.1
