PODS:
  - CompoundFetchedResultsController (2.1.1)
  - MagicalRecord (2.3.2):
    - MagicalRecord/Core (= 2.3.2)
  - MagicalRecord/Core (2.3.2)

DEPENDENCIES:
  - CompoundFetchedResultsController (from `../`)
  - MagicalRecord

SPEC REPOS:
  trunk:
    - MagicalRecord

EXTERNAL SOURCES:
  CompoundFetchedResultsController:
    :path: "../"

SPEC CHECKSUMS:
  CompoundFetchedResultsController: 7c9bc307c9da3887d732d65f8fbdcd997261e5d1
  MagicalRecord: 53bed74b4323b930992a725be713e53b37d19755

PODFILE CHECKSUM: e8d3ac8337ca7d25d2b0b39cf3115534c9342fd2

COCOAPODS: 1.9.3
